
Microsoft Visual Studio Solution File, Format Version 12.00
# Visual Studio Version 17
VisualStudioVersion = 17.0.32112.339
MinimumVisualStudioVersion = 10.0.40219.1
Project("{FAE04EC0-301F-11D3-BF4B-00C04F79EFBC}") = "MapTools", "MapTools.csproj", "{FD11FAB2-DB3F-4CEB-8728-EDD5529BF637}"
EndProject
Project("{2150E333-8FDC-42A3-9474-1A3956D46DE8}") = "Solution Items", "Solution Items", "{20781B46-9F1E-4BDC-B742-C376BD26D45A}"
	ProjectSection(SolutionItems) = preProject
		.editorconfig = .editorconfig
	EndProjectSection
EndProject
Global
	GlobalSection(SolutionConfigurationPlatforms) = preSolution
		Debug|Any CPU = Debug|Any CPU
		Release|Any CPU = Release|Any CPU
	EndGlobalSection
	GlobalSection(ProjectConfigurationPlatforms) = postSolution
		{FD11FAB2-DB3F-4CEB-8728-EDD5529BF637}.Debug|Any CPU.ActiveCfg = Debug|Any CPU
		{FD11FAB2-DB3F-4CEB-8728-EDD5529BF637}.Debug|Any CPU.Build.0 = Debug|Any CPU
		{FD11FAB2-DB3F-4CEB-8728-EDD5529BF637}.Release|Any CPU.ActiveCfg = Release|Any CPU
		{FD11FAB2-DB3F-4CEB-8728-EDD5529BF637}.Release|Any CPU.Build.0 = Release|Any CPU
	EndGlobalSection
	GlobalSection(SolutionProperties) = preSolution
		HideSolutionNode = FALSE
	EndGlobalSection
	GlobalSection(ExtensibilityGlobals) = postSolution
		SolutionGuid = {23BA4AC1-0EC9-49A0-B06C-A0A94FA093F6}
	EndGlobalSection
EndGlobal
